
Microsoft Visual Studio Solution File, Format Version 12.00
# Visual Studio 15
VisualStudioVersion = 15.0.28307.168
MinimumVisualStudioVersion = 10.0.40219.1
Project("{FAE04EC0-301F-11D3-BF4B-00C04F79EFBC}") = "LuanBigShool", "LuanBigShool\LuanBigShool.csproj", "{343166E6-028F-4456-97A3-FCC9AE809D9F}"
EndProject
Global
	GlobalSection(SolutionConfigurationPlatforms) = preSolution
		Debug|Any CPU = Debug|Any CPU
		Release|Any CPU = Release|Any CPU
	EndGlobalSection
	GlobalSection(ProjectConfigurationPlatforms) = postSolution
		{343166E6-028F-4456-97A3-FCC9AE809D9F}.Debug|Any CPU.ActiveCfg = Debug|Any CPU
		{343166E6-028F-4456-97A3-FCC9AE809D9F}.Debug|Any CPU.Build.0 = Debug|Any CPU
		{343166E6-028F-4456-97A3-FCC9AE809D9F}.Release|Any CPU.ActiveCfg = Release|Any CPU
		{343166E6-028F-4456-97A3-FCC9AE809D9F}.Release|Any CPU.Build.0 = Release|Any CPU
	EndGlobalSection
	GlobalSection(SolutionProperties) = preSolution
		HideSolutionNode = FALSE
	EndGlobalSection
	GlobalSection(ExtensibilityGlobals) = postSolution
		SolutionGuid = {6E5FA884-4AE9-49A0-8F00-965E57EAA4C2}
	EndGlobalSection
EndGlobal
